
Microsoft Visual Studio Solution File, Format Version 12.00
# Visual Studio Version 17
VisualStudioVersion = 17.8.34004.107
MinimumVisualStudioVersion = 10.0.40219.1
Project("{9A19103F-16F7-4668-BE54-9A1E7A4F7556}") = "MauiApp1", "MauiApp1\MauiApp1.csproj", "{F20DCCC8-05E1-4B63-93CF-E1D78C8D5EEA}"
EndProject
Project("{9A19103F-16F7-4668-BE54-9A1E7A4F7556}") = "SecureWebApi", "SecureWebApi\SecureWebApi.csproj", "{6A4352DA-3D67-4AE9-9961-6D392E315207}"
EndProject
Global
	GlobalSection(SolutionConfigurationPlatforms) = preSolution
		Debug|Any CPU = Debug|Any CPU
		Release|Any CPU = Release|Any CPU
	EndGlobalSection
	GlobalSection(ProjectConfigurationPlatforms) = postSolution
		{F20DCCC8-05E1-4B63-93CF-E1D78C8D5EEA}.Debug|Any CPU.ActiveCfg = Debug|Any CPU
		{F20DCCC8-05E1-4B63-93CF-E1D78C8D5EEA}.Debug|Any CPU.Build.0 = Debug|Any CPU
		{F20DCCC8-05E1-4B63-93CF-E1D78C8D5EEA}.Debug|Any CPU.Deploy.0 = Debug|Any CPU
		{F20DCCC8-05E1-4B63-93CF-E1D78C8D5EEA}.Release|Any CPU.ActiveCfg = Release|Any CPU
		{F20DCCC8-05E1-4B63-93CF-E1D78C8D5EEA}.Release|Any CPU.Build.0 = Release|Any CPU
		{F20DCCC8-05E1-4B63-93CF-E1D78C8D5EEA}.Release|Any CPU.Deploy.0 = Release|Any CPU
		{6A4352DA-3D67-4AE9-9961-6D392E315207}.Debug|Any CPU.ActiveCfg = Debug|Any CPU
		{6A4352DA-3D67-4AE9-9961-6D392E315207}.Debug|Any CPU.Build.0 = Debug|Any CPU
		{6A4352DA-3D67-4AE9-9961-6D392E315207}.Release|Any CPU.ActiveCfg = Release|Any CPU
		{6A4352DA-3D67-4AE9-9961-6D392E315207}.Release|Any CPU.Build.0 = Release|Any CPU
	EndGlobalSection
	GlobalSection(SolutionProperties) = preSolution
		HideSolutionNode = FALSE
	EndGlobalSection
	GlobalSection(ExtensibilityGlobals) = postSolution
		SolutionGuid = {C3654E24-E5A1-4B78-888B-7F4911F68DE6}
	EndGlobalSection
EndGlobal
